
Microsoft Visual Studio Solution File, Format Version 12.00
# Visual Studio Version 17
VisualStudioVersion = 17.7.34202.233
MinimumVisualStudioVersion = 10.0.40219.1
Project("{FAE04EC0-301F-11D3-BF4B-00C04F79EFBC}") = "SwallowApplicationApi", "SwallowApplicationApi.csproj", "{89ABCFA4-6690-497B-9145-1F71D19C45F1}"
EndProject
Global
	GlobalSection(SolutionConfigurationPlatforms) = preSolution
		Debug|Any CPU = Debug|Any CPU
		Release|Any CPU = Release|Any CPU
	EndGlobalSection
	GlobalSection(ProjectConfigurationPlatforms) = postSolution
		{89ABCFA4-6690-497B-9145-1F71D19C45F1}.Debug|Any CPU.ActiveCfg = Debug|Any CPU
		{89ABCFA4-6690-497B-9145-1F71D19C45F1}.Debug|Any CPU.Build.0 = Debug|Any CPU
		{89ABCFA4-6690-497B-9145-1F71D19C45F1}.Release|Any CPU.ActiveCfg = Release|Any CPU
		{89ABCFA4-6690-497B-9145-1F71D19C45F1}.Release|Any CPU.Build.0 = Release|Any CPU
	EndGlobalSection
	GlobalSection(SolutionProperties) = preSolution
		HideSolutionNode = FALSE
	EndGlobalSection
	GlobalSection(ExtensibilityGlobals) = postSolution
		SolutionGuid = {B444C386-ECBF-4F2A-B1D2-C4A953DC5849}
	EndGlobalSection
EndGlobal
